<?xml version="1.0" encoding="utf-8"?>
<Project ToolsVersion="4.0" xmlns="http://schemas.microsoft.com/developer/msbuild/2003">
  <ItemGroup>
    <Filter Include="ShaderFile">
      <UniqueIdentifier>{67DA6AB6-F800-4c08-8B7A-83BB121AAD01}</UniqueIdentifier>
      <Extensions>rc;ico;cur;bmp;dlg;rc2;rct;bin;rgs;gif;jpg;jpeg;jpe;resx;tiff;tif;png;wav;mfcribbon-ms</Extensions>
    </Filter>
    <Filter Include="Tahara">
      <UniqueIdentifier>{93995380-89BD-4b04-88EB-625FBE52EBFB}</UniqueIdentifier>
      <Extensions>h;hh;hpp;hxx;hm;inl;inc;xsd</Extensions>
    </Filter>
    <Filter Include="Hiyosi">
      <UniqueIdentifier>{4FC737F1-C7A5-4376-A066-2A32D752A2FF}</UniqueIdentifier>
      <Extensions>cpp;c;cc;cxx;def;odl;idl;hpj;bat;asm;asmx</Extensions>
    </Filter>
    <Filter Include="Classwork">
      <UniqueIdentifier>{435300eb-b68f-4921-9e6e-5afcfc4d1e06}</UniqueIdentifier>
    </Filter>
    <Filter Include="Hiyosi\Camera">
      <UniqueIdentifier>{19258b01-4433-47fd-9ad9-b617f4f903ed}</UniqueIdentifier>
    </Filter>
    <Filter Include="Hiyosi\Scene">
      <UniqueIdentifier>{2a69d18e-0474-4061-bdb3-a39c2dc8284b}</UniqueIdentifier>
    </Filter>
    <Filter Include="Tahara\Camera">
      <UniqueIdentifier>{0710d15e-7308-4eed-a8ae-4494b90102a1}</UniqueIdentifier>
    </Filter>
    <Filter Include="Tahara\Factory">
      <UniqueIdentifier>{31758362-7ae2-434f-bf94-bfc28325ea9c}</UniqueIdentifier>
    </Filter>
    <Filter Include="Tahara\Scene">
      <UniqueIdentifier>{c498f70e-f139-4c54-9d01-72ba4d76f131}</UniqueIdentifier>
    </Filter>
    <Filter Include="Classwork\SuperClass">
      <UniqueIdentifier>{6622f537-8944-4adc-bce7-2dee0320a4dc}</UniqueIdentifier>
    </Filter>
    <Filter Include="Classwork\Model">
      <UniqueIdentifier>{d56d2f3b-4925-4442-a4fa-75220b4355a5}</UniqueIdentifier>
    </Filter>
    <Filter Include="Classwork\Sprite">
      <UniqueIdentifier>{dbc1f776-41a7-4da9-9f6d-f2befca669fd}</UniqueIdentifier>
    </Filter>
    <Filter Include="Classwork\System">
      <UniqueIdentifier>{2eb3484b-fef4-4d30-a7a1-005746d785b0}</UniqueIdentifier>
    </Filter>
    <Filter Include="Tahara\PartsData">
      <UniqueIdentifier>{b5aeb1f2-bcba-44de-9d5b-0830a69be293}</UniqueIdentifier>
    </Filter>
    <Filter Include="Tahara\PartsData\Arms">
      <UniqueIdentifier>{13bfdd1e-cae3-4b0a-9036-574141e70255}</UniqueIdentifier>
    </Filter>
  </ItemGroup>
  <ItemGroup>
    <ClCompile Include="SourceCodo\CD3DXSKINMESH.cpp">
      <Filter>Hiyosi</Filter>
    </ClCompile>
    <ClCompile Include="SourceCodo\Charactor.cpp">
      <Filter>Hiyosi</Filter>
    </ClCompile>
    <ClCompile Include="SourceCodo\Object.cpp">
      <Filter>Hiyosi</Filter>
    </ClCompile>
    <ClCompile Include="SourceCodo\Robo.cpp">
      <Filter>Hiyosi</Filter>
    </ClCompile>
    <ClCompile Include="SourceCodo\Shot.cpp">
      <Filter>Hiyosi</Filter>
    </ClCompile>
    <ClCompile Include="SourceCodo\SkinMesh.cpp">
      <Filter>Hiyosi</Filter>
    </ClCompile>
    <ClCompile Include="SourceCodo\TestObj.cpp">
      <Filter>Hiyosi</Filter>
    </ClCompile>
    <ClCompile Include="SourceCodo\CameraEnding.cpp">
      <Filter>Hiyosi\Camera</Filter>
    </ClCompile>
    <ClCompile Include="SourceCodo\CameraMission.cpp">
      <Filter>Hiyosi\Camera</Filter>
    </ClCompile>
    <ClCompile Include="SourceCodo\CameraTitle.cpp">
      <Filter>Hiyosi\Camera</Filter>
    </ClCompile>
    <ClCompile Include="SourceCodo\SceneEnding.cpp">
      <Filter>Hiyosi\Scene</Filter>
    </ClCompile>
    <ClCompile Include="SourceCodo\SceneMission.cpp">
      <Filter>Hiyosi\Scene</Filter>
    </ClCompile>
    <ClCompile Include="SourceCodo\SceneTitle.cpp">
      <Filter>Hiyosi\Scene</Filter>
    </ClCompile>
    <ClCompile Include="SourceCodo\Camera.cpp">
      <Filter>Tahara\Camera</Filter>
    </ClCompile>
    <ClCompile Include="SourceCodo\CameraAssemble.cpp">
      <Filter>Tahara\Camera</Filter>
    </ClCompile>
    <ClCompile Include="SourceCodo\SceneAssemble.cpp">
      <Filter>Tahara\Scene</Filter>
    </ClCompile>
    <ClCompile Include="SourceCodo\SceneClass.cpp">
      <Filter>Tahara\Scene</Filter>
    </ClCompile>
    <ClCompile Include="SourceCodo\FactoryCamera.cpp">
      <Filter>Tahara\Factory</Filter>
    </ClCompile>
    <ClCompile Include="SourceCodo\FactoryScene.cpp">
      <Filter>Tahara\Factory</Filter>
    </ClCompile>
    <ClCompile Include="SourceCodo\Game.cpp">
      <Filter>Tahara</Filter>
    </ClCompile>
    <ClCompile Include="SourceCodo\PtrGroup.cpp">
      <Filter>Tahara</Filter>
    </ClCompile>
    <ClCompile Include="SourceCodo\SoundManager.cpp">
      <Filter>Tahara</Filter>
    </ClCompile>
    <ClCompile Include="SourceCodo\CharaStatic.cpp">
      <Filter>Classwork\SuperClass</Filter>
    </ClCompile>
    <ClCompile Include="SourceCodo\Common.cpp">
      <Filter>Classwork\SuperClass</Filter>
    </ClCompile>
    <ClCompile Include="SourceCodo\GameObject.cpp">
      <Filter>Classwork\SuperClass</Filter>
    </ClCompile>
    <ClCompile Include="SourceCodo\DX9Mesh.cpp">
      <Filter>Classwork\Model</Filter>
    </ClCompile>
    <ClCompile Include="SourceCodo\Ray.cpp">
      <Filter>Classwork\Model</Filter>
    </ClCompile>
    <ClCompile Include="SourceCodo\Sprite.cpp">
      <Filter>Classwork\Sprite</Filter>
    </ClCompile>
    <ClCompile Include="SourceCodo\Sprite2D.cpp">
      <Filter>Classwork\Sprite</Filter>
    </ClCompile>
    <ClCompile Include="SourceCodo\Sprite2DCenter.cpp">
      <Filter>Tahara</Filter>
    </ClCompile>
    <ClCompile Include="SourceCodo\DebugText.cpp">
      <Filter>Classwork\System</Filter>
    </ClCompile>
    <ClCompile Include="SourceCodo\Effects.cpp">
      <Filter>Classwork\System</Filter>
    </ClCompile>
    <ClCompile Include="SourceCodo\File.cpp">
      <Filter>Classwork\System</Filter>
    </ClCompile>
    <ClCompile Include="SourceCodo\Resource.cpp">
      <Filter>Classwork\System</Filter>
    </ClCompile>
    <ClCompile Include="SourceCodo\Sound.cpp">
      <Filter>Classwork\System</Filter>
    </ClCompile>
    <ClCompile Include="SourceCodo\CXInput.cpp">
      <Filter>Classwork\System</Filter>
    </ClCompile>
    <ClCompile Include="SourceCodo\Main.cpp">
      <Filter>Classwork\System</Filter>
    </ClCompile>
    <ClCompile Include="SourceCodo\DxInput.cpp">
      <Filter>Hiyosi</Filter>
    </ClCompile>
    <ClCompile Include="SourceCodo\SceneGameOver.cpp">
      <Filter>Hiyosi\Scene</Filter>
    </ClCompile>
    <ClCompile Include="SourceCodo\CameraGameOver.cpp">
      <Filter>Hiyosi\Camera</Filter>
    </ClCompile>
    <ClCompile Include="SourceCodo\PartsLeg.cpp">
      <Filter>Tahara\PartsData</Filter>
    </ClCompile>
    <ClCompile Include="SourceCodo\PartsCore.cpp">
      <Filter>Tahara\PartsData</Filter>
    </ClCompile>
    <ClCompile Include="SourceCodo\PartsHead.cpp">
      <Filter>Tahara\PartsData</Filter>
    </ClCompile>
    <ClCompile Include="SourceCodo\PartsWeapon.cpp">
      <Filter>Tahara\PartsData</Filter>
    </ClCompile>
    <ClCompile Include="SourceCodo\PartsBase.cpp">
      <Filter>Tahara\PartsData</Filter>
    </ClCompile>
    <ClCompile Include="SourceCodo\PartsSet.cpp">
      <Filter>Tahara\PartsData</Filter>
    </ClCompile>
    <ClCompile Include="SourceCodo\PartsArmBase.cpp">
      <Filter>Tahara\PartsData\Arms</Filter>
    </ClCompile>
    <ClCompile Include="SourceCodo\PartsArms.cpp">
      <Filter>Tahara\PartsData\Arms</Filter>
    </ClCompile>
    <ClCompile Include="SourceCodo\PartsArmL.cpp">
      <Filter>Tahara\PartsData\Arms</Filter>
    </ClCompile>
    <ClCompile Include="SourceCodo\PartsArmR.cpp">
      <Filter>Tahara\PartsData\Arms</Filter>
    </ClCompile>
    <ClCompile Include="SourceCodo\AssembleModel.cpp">
      <Filter>Tahara</Filter>
    </ClCompile>
    <ClCompile Include="SourceCodo\FactoryParts.cpp">
      <Filter>Tahara\Factory</Filter>
    </ClCompile>
  </ItemGroup>
  <ItemGroup>
    <ClInclude Include="SourceCodo\CD3DXSKINMESH.h">
      <Filter>Hiyosi</Filter>
    </ClInclude>
    <ClInclude Include="SourceCodo\Charactor.h">
      <Filter>Hiyosi</Filter>
    </ClInclude>
    <ClInclude Include="SourceCodo\CharactorCommand.h">
      <Filter>Hiyosi</Filter>
    </ClInclude>
    <ClInclude Include="SourceCodo\CharaSkinMesh.h">
      <Filter>Hiyosi</Filter>
    </ClInclude>
    <ClInclude Include="SourceCodo\InputCharactor.h">
      <Filter>Hiyosi</Filter>
    </ClInclude>
    <ClInclude Include="SourceCodo\InputRobo.h">
      <Filter>Hiyosi</Filter>
    </ClInclude>
    <ClInclude Include="SourceCodo\Object.h">
      <Filter>Hiyosi</Filter>
    </ClInclude>
    <ClInclude Include="SourceCodo\ObjSkinMesh.h">
      <Filter>Hiyosi</Filter>
    </ClInclude>
    <ClInclude Include="SourceCodo\ObjStaticMesh.h">
      <Filter>Hiyosi</Filter>
    </ClInclude>
    <ClInclude Include="SourceCodo\Robo.h">
      <Filter>Hiyosi</Filter>
    </ClInclude>
    <ClInclude Include="SourceCodo\Shot.h">
      <Filter>Hiyosi</Filter>
    </ClInclude>
    <ClInclude Include="SourceCodo\SkinMesh.h">
      <Filter>Hiyosi</Filter>
    </ClInclude>
    <ClInclude Include="SourceCodo\TestObject.h">
      <Filter>Hiyosi</Filter>
    </ClInclude>
    <ClInclude Include="SourceCodo\CameraEnding.h">
      <Filter>Hiyosi\Camera</Filter>
    </ClInclude>
    <ClInclude Include="SourceCodo\CameraMission.h">
      <Filter>Hiyosi\Camera</Filter>
    </ClInclude>
    <ClInclude Include="SourceCodo\CameraTitle.h">
      <Filter>Hiyosi\Camera</Filter>
    </ClInclude>
    <ClInclude Include="SourceCodo\SceneEnding.h">
      <Filter>Hiyosi\Scene</Filter>
    </ClInclude>
    <ClInclude Include="SourceCodo\SceneMission.h">
      <Filter>Hiyosi\Scene</Filter>
    </ClInclude>
    <ClInclude Include="SourceCodo\SceneTitle.h">
      <Filter>Hiyosi\Scene</Filter>
    </ClInclude>
    <ClInclude Include="SourceCodo\Camera.h">
      <Filter>Tahara\Camera</Filter>
    </ClInclude>
    <ClInclude Include="SourceCodo\CameraAssemble.h">
      <Filter>Tahara\Camera</Filter>
    </ClInclude>
    <ClInclude Include="SourceCodo\SceneAssemble.h">
      <Filter>Tahara\Scene</Filter>
    </ClInclude>
    <ClInclude Include="SourceCodo\SceneClass.h">
      <Filter>Tahara\Scene</Filter>
    </ClInclude>
    <ClInclude Include="SourceCodo\FactoryCamera.h">
      <Filter>Tahara\Factory</Filter>
    </ClInclude>
    <ClInclude Include="SourceCodo\FactoryScene.h">
      <Filter>Tahara\Factory</Filter>
    </ClInclude>
    <ClInclude Include="SourceCodo\Game.h">
      <Filter>Tahara</Filter>
    </ClInclude>
    <ClInclude Include="SourceCodo\PtrGroup.h">
      <Filter>Tahara</Filter>
    </ClInclude>
    <ClInclude Include="SourceCodo\SoundManager.h">
      <Filter>Tahara</Filter>
    </ClInclude>
    <ClInclude Include="SourceCodo\CharaStatic.h">
      <Filter>Classwork\SuperClass</Filter>
    </ClInclude>
    <ClInclude Include="SourceCodo\Common.h">
      <Filter>Classwork\SuperClass</Filter>
    </ClInclude>
    <ClInclude Include="SourceCodo\GameObject.h">
      <Filter>Classwork\SuperClass</Filter>
    </ClInclude>
    <ClInclude Include="SourceCodo\DX9Mesh.h">
      <Filter>Classwork\Model</Filter>
    </ClInclude>
    <ClInclude Include="SourceCodo\Ray.h">
      <Filter>Classwork\Model</Filter>
    </ClInclude>
    <ClInclude Include="SourceCodo\Sprite.h">
      <Filter>Classwork\Sprite</Filter>
    </ClInclude>
    <ClInclude Include="SourceCodo\Sprite2D.h">
      <Filter>Classwork\Sprite</Filter>
    </ClInclude>
    <ClInclude Include="SourceCodo\Sprite2DCenter.h">
      <Filter>Tahara</Filter>
    </ClInclude>
    <ClInclude Include="SourceCodo\DebugText.h">
      <Filter>Classwork\System</Filter>
    </ClInclude>
    <ClInclude Include="SourceCodo\Effects.h">
      <Filter>Classwork\System</Filter>
    </ClInclude>
    <ClInclude Include="SourceCodo\File.h">
      <Filter>Classwork\System</Filter>
    </ClInclude>
    <ClInclude Include="SourceCodo\Global.h">
      <Filter>Classwork\System</Filter>
    </ClInclude>
    <ClInclude Include="SourceCodo\MyMacro.h">
      <Filter>Classwork\System</Filter>
    </ClInclude>
    <ClInclude Include="SourceCodo\Resource.h">
      <Filter>Classwork\System</Filter>
    </ClInclude>
    <ClInclude Include="SourceCodo\Sound.h">
      <Filter>Classwork\System</Filter>
    </ClInclude>
    <ClInclude Include="SourceCodo\CXInput.h">
      <Filter>Classwork\System</Filter>
    </ClInclude>
    <ClInclude Include="SourceCodo\Main.h">
      <Filter>Classwork\System</Filter>
    </ClInclude>
    <ClInclude Include="SourceCodo\DxInput.h">
      <Filter>Hiyosi</Filter>
    </ClInclude>
    <ClInclude Include="SourceCodo\SceneGameOver.h">
      <Filter>Hiyosi\Scene</Filter>
    </ClInclude>
    <ClInclude Include="SourceCodo\CameraGameOver.h">
      <Filter>Hiyosi\Camera</Filter>
    </ClInclude>
    <ClInclude Include="SourceCodo\PartsLeg.h">
      <Filter>Tahara\PartsData</Filter>
    </ClInclude>
    <ClInclude Include="SourceCodo\PartsCore.h">
      <Filter>Tahara\PartsData</Filter>
    </ClInclude>
    <ClInclude Include="SourceCodo\PartsHead.h">
      <Filter>Tahara\PartsData</Filter>
    </ClInclude>
    <ClInclude Include="SourceCodo\PartsWeapon.h">
      <Filter>Tahara\PartsData</Filter>
    </ClInclude>
    <ClInclude Include="SourceCodo\PartsBase.h">
      <Filter>Tahara\PartsData</Filter>
    </ClInclude>
    <ClInclude Include="SourceCodo\PartsSet.h">
      <Filter>Tahara\PartsData</Filter>
    </ClInclude>
    <ClInclude Include="SourceCodo\PartsArmBase.h">
      <Filter>Tahara\PartsData\Arms</Filter>
    </ClInclude>
    <ClInclude Include="SourceCodo\PartsArms.h">
      <Filter>Tahara\PartsData\Arms</Filter>
    </ClInclude>
    <ClInclude Include="SourceCodo\PartsArmL.h">
      <Filter>Tahara\PartsData\Arms</Filter>
    </ClInclude>
    <ClInclude Include="SourceCodo\PartsArmR.h">
      <Filter>Tahara\PartsData\Arms</Filter>
    </ClInclude>
    <ClInclude Include="SourceCodo\AssembleModel.h">
      <Filter>Tahara</Filter>
    </ClInclude>
    <ClInclude Include="SourceCodo\FactoryParts.h">
      <Filter>Tahara\Factory</Filter>
    </ClInclude>
  </ItemGroup>
  <ItemGroup>
    <FxCompile Include="Shader\DebugText.hlsl">
      <Filter>ShaderFile</Filter>
    </FxCompile>
    <FxCompile Include="Shader\Mesh.hlsl">
      <Filter>ShaderFile</Filter>
    </FxCompile>
    <FxCompile Include="Shader\MeshSkin.hlsl">
      <Filter>ShaderFile</Filter>
    </FxCompile>
    <FxCompile Include="Shader\PointSprite.hlsl">
      <Filter>ShaderFile</Filter>
    </FxCompile>
    <FxCompile Include="Shader\Ray.hlsl">
      <Filter>ShaderFile</Filter>
    </FxCompile>
    <FxCompile Include="Shader\Sprite2D.hlsl">
      <Filter>ShaderFile</Filter>
    </FxCompile>
  </ItemGroup>
</Project>