<?xml version="1.0" encoding="utf-8"?>
<Project ToolsVersion="4.0" xmlns="http://schemas.microsoft.com/developer/msbuild/2003">
  <ItemGroup>
    <Filter Include="ShaderFile">
      <UniqueIdentifier>{67DA6AB6-F800-4c08-8B7A-83BB121AAD01}</UniqueIdentifier>
      <Extensions>rc;ico;cur;bmp;dlg;rc2;rct;bin;rgs;gif;jpg;jpeg;jpe;resx;tiff;tif;png;wav;mfcribbon-ms</Extensions>
    </Filter>
    <Filter Include="Tahara">
      <UniqueIdentifier>{93995380-89BD-4b04-88EB-625FBE52EBFB}</UniqueIdentifier>
      <Extensions>h;hh;hpp;hxx;hm;inl;inc;xsd</Extensions>
    </Filter>
    <Filter Include="Hiyosi">
      <UniqueIdentifier>{4FC737F1-C7A5-4376-A066-2A32D752A2FF}</UniqueIdentifier>
      <Extensions>cpp;c;cc;cxx;def;odl;idl;hpj;bat;asm;asmx</Extensions>
    </Filter>
    <Filter Include="Classwork">
      <UniqueIdentifier>{435300eb-b68f-4921-9e6e-5afcfc4d1e06}</UniqueIdentifier>
    </Filter>
    <Filter Include="Hiyosi\Camera">
      <UniqueIdentifier>{19258b01-4433-47fd-9ad9-b617f4f903ed}</UniqueIdentifier>
    </Filter>
    <Filter Include="Hiyosi\Scene">
      <UniqueIdentifier>{2a69d18e-0474-4061-bdb3-a39c2dc8284b}</UniqueIdentifier>
    </Filter>
    <Filter Include="Tahara\Camera">
      <UniqueIdentifier>{0710d15e-7308-4eed-a8ae-4494b90102a1}</UniqueIdentifier>
    </Filter>
    <Filter Include="Tahara\Factory">
      <UniqueIdentifier>{31758362-7ae2-434f-bf94-bfc28325ea9c}</UniqueIdentifier>
    </Filter>
    <Filter Include="Tahara\Scene">
      <UniqueIdentifier>{c498f70e-f139-4c54-9d01-72ba4d76f131}</UniqueIdentifier>
    </Filter>
    <Filter Include="Classwork\SuperClass">
      <UniqueIdentifier>{6622f537-8944-4adc-bce7-2dee0320a4dc}</UniqueIdentifier>
    </Filter>
    <Filter Include="Classwork\Model">
      <UniqueIdentifier>{d56d2f3b-4925-4442-a4fa-75220b4355a5}</UniqueIdentifier>
    </Filter>
    <Filter Include="Classwork\Sprite">
      <UniqueIdentifier>{dbc1f776-41a7-4da9-9f6d-f2befca669fd}</UniqueIdentifier>
    </Filter>
    <Filter Include="Classwork\System">
      <UniqueIdentifier>{2eb3484b-fef4-4d30-a7a1-005746d785b0}</UniqueIdentifier>
    </Filter>
    <Filter Include="Tahara\Parts">
      <UniqueIdentifier>{31521bf9-7681-4819-acfb-7b3b444ef9af}</UniqueIdentifier>
    </Filter>
    <Filter Include="Tahara\Parts\Arms">
      <UniqueIdentifier>{ce180e55-01a4-4623-a574-98f54dfab2cd}</UniqueIdentifier>
    </Filter>
    <Filter Include="Tahara\UI">
      <UniqueIdentifier>{d9f0ad52-5110-481d-9fb5-99933f2625a4}</UniqueIdentifier>
    </Filter>
    <Filter Include="Tahara\System">
      <UniqueIdentifier>{fd64bc66-99df-4ebe-8ce9-358b4368a68c}</UniqueIdentifier>
    </Filter>
    <Filter Include="Tahara\SoundManager">
      <UniqueIdentifier>{fb495207-4f89-4f73-b144-5a168eaaa282}</UniqueIdentifier>
    </Filter>
    <Filter Include="Hiyosi\Mesh">
      <UniqueIdentifier>{95f74cc1-58a6-4ca4-b8c8-893d97af0c61}</UniqueIdentifier>
    </Filter>
    <Filter Include="Hiyosi\Player">
      <UniqueIdentifier>{332461ed-6c0e-4754-9f99-9c13b607fe71}</UniqueIdentifier>
    </Filter>
    <Filter Include="Hiyosi\Player\Input">
      <UniqueIdentifier>{0899a7c2-227a-4bc5-9b4f-abf074107ffb}</UniqueIdentifier>
    </Filter>
    <Filter Include="Hiyosi\Object">
      <UniqueIdentifier>{6f2b3950-f21d-4aea-8d69-161bff4a8f56}</UniqueIdentifier>
    </Filter>
    <Filter Include="Hiyosi\Object\Charactor">
      <UniqueIdentifier>{e97221a5-89ac-4e6b-ad25-369f9c90279b}</UniqueIdentifier>
    </Filter>
    <Filter Include="Hiyosi\Object\Shot">
      <UniqueIdentifier>{087af5d4-b5d7-46ba-9393-764c04a36d68}</UniqueIdentifier>
    </Filter>
    <Filter Include="Hiyosi\Object\Stage">
      <UniqueIdentifier>{bb3b883e-030c-4f4b-beb9-fe11d034a910}</UniqueIdentifier>
    </Filter>
    <Filter Include="Hiyosi\Object\Charactor\Robot">
      <UniqueIdentifier>{b10da82e-75d3-4a62-836c-dd4b42b2c5e5}</UniqueIdentifier>
    </Filter>
    <Filter Include="Tahara\UI\MenuWindows">
      <UniqueIdentifier>{6af2db03-c7ce-40c6-98b0-c2e8c1567870}</UniqueIdentifier>
    </Filter>
    <Filter Include="Tahara\RoboStatus">
      <UniqueIdentifier>{120158e7-95a4-4ad1-a974-3015f672629a}</UniqueIdentifier>
    </Filter>
    <Filter Include="Hiyosi\Friend">
      <UniqueIdentifier>{3dc9113c-43a3-4afe-a816-5b709c580582}</UniqueIdentifier>
    </Filter>
    <Filter Include="Hiyosi\AI">
      <UniqueIdentifier>{fa11f2f1-fb32-4caa-b1f7-b22f8b14f6b0}</UniqueIdentifier>
    </Filter>
    <Filter Include="Hiyosi\Enemy">
      <UniqueIdentifier>{20753a3d-a977-4344-82aa-f1047fc7fd5b}</UniqueIdentifier>
    </Filter>
    <Filter Include="Tahara\Robo">
      <UniqueIdentifier>{e4e00ffa-f7a8-4727-91d7-d4e7d7748946}</UniqueIdentifier>
    </Filter>
    <Filter Include="Tahara\Singleton">
      <UniqueIdentifier>{776c60a6-f4cc-41dd-b061-b6f369430cf1}</UniqueIdentifier>
    </Filter>
  </ItemGroup>
  <ItemGroup>
    <ClCompile Include="SourceCodo\CameraMission.cpp">
      <Filter>Hiyosi\Camera</Filter>
    </ClCompile>
    <ClCompile Include="SourceCodo\SceneMission.cpp">
      <Filter>Hiyosi\Scene</Filter>
    </ClCompile>
    <ClCompile Include="SourceCodo\Camera.cpp">
      <Filter>Tahara\Camera</Filter>
    </ClCompile>
    <ClCompile Include="SourceCodo\CameraAssemble.cpp">
      <Filter>Tahara\Camera</Filter>
    </ClCompile>
    <ClCompile Include="SourceCodo\SceneAssemble.cpp">
      <Filter>Tahara\Scene</Filter>
    </ClCompile>
    <ClCompile Include="SourceCodo\FactoryCamera.cpp">
      <Filter>Tahara\Factory</Filter>
    </ClCompile>
    <ClCompile Include="SourceCodo\FactoryScene.cpp">
      <Filter>Tahara\Factory</Filter>
    </ClCompile>
    <ClCompile Include="SourceCodo\Game.cpp">
      <Filter>Tahara</Filter>
    </ClCompile>
    <ClCompile Include="SourceCodo\PtrGroup.cpp">
      <Filter>Tahara</Filter>
    </ClCompile>
    <ClCompile Include="SourceCodo\CharaStatic.cpp">
      <Filter>Classwork\SuperClass</Filter>
    </ClCompile>
    <ClCompile Include="SourceCodo\Common.cpp">
      <Filter>Classwork\SuperClass</Filter>
    </ClCompile>
    <ClCompile Include="SourceCodo\GameObject.cpp">
      <Filter>Classwork\SuperClass</Filter>
    </ClCompile>
    <ClCompile Include="SourceCodo\DX9Mesh.cpp">
      <Filter>Classwork\Model</Filter>
    </ClCompile>
    <ClCompile Include="SourceCodo\Ray.cpp">
      <Filter>Classwork\Model</Filter>
    </ClCompile>
    <ClCompile Include="SourceCodo\Sprite.cpp">
      <Filter>Classwork\Sprite</Filter>
    </ClCompile>
    <ClCompile Include="SourceCodo\Sprite2D.cpp">
      <Filter>Classwork\Sprite</Filter>
    </ClCompile>
    <ClCompile Include="SourceCodo\DebugText.cpp">
      <Filter>Classwork\System</Filter>
    </ClCompile>
    <ClCompile Include="SourceCodo\Effects.cpp">
      <Filter>Classwork\System</Filter>
    </ClCompile>
    <ClCompile Include="SourceCodo\Resource.cpp">
      <Filter>Classwork\System</Filter>
    </ClCompile>
    <ClCompile Include="SourceCodo\Sound.cpp">
      <Filter>Classwork\System</Filter>
    </ClCompile>
    <ClCompile Include="SourceCodo\CXInput.cpp">
      <Filter>Classwork\System</Filter>
    </ClCompile>
    <ClCompile Include="SourceCodo\Main.cpp">
      <Filter>Classwork\System</Filter>
    </ClCompile>
    <ClCompile Include="SourceCodo\CD3DXSKINMESH.cpp">
      <Filter>Classwork\Model</Filter>
    </ClCompile>
    <ClCompile Include="SourceCodo\FactoryParts.cpp">
      <Filter>Tahara\Factory</Filter>
    </ClCompile>
    <ClCompile Include="SourceCodo\PartsBase.cpp">
      <Filter>Tahara\Parts</Filter>
    </ClCompile>
    <ClCompile Include="SourceCodo\PartsCore.cpp">
      <Filter>Tahara\Parts</Filter>
    </ClCompile>
    <ClCompile Include="SourceCodo\PartsHead.cpp">
      <Filter>Tahara\Parts</Filter>
    </ClCompile>
    <ClCompile Include="SourceCodo\PartsLeg.cpp">
      <Filter>Tahara\Parts</Filter>
    </ClCompile>
    <ClCompile Include="SourceCodo\PartsWeapon.cpp">
      <Filter>Tahara\Parts</Filter>
    </ClCompile>
    <ClCompile Include="SourceCodo\PartsArmBase.cpp">
      <Filter>Tahara\Parts\Arms</Filter>
    </ClCompile>
    <ClCompile Include="SourceCodo\PartsArmL.cpp">
      <Filter>Tahara\Parts\Arms</Filter>
    </ClCompile>
    <ClCompile Include="SourceCodo\PartsArmR.cpp">
      <Filter>Tahara\Parts\Arms</Filter>
    </ClCompile>
    <ClCompile Include="SourceCodo\Object.cpp">
      <Filter>Hiyosi\Object</Filter>
    </ClCompile>
    <ClCompile Include="SourceCodo\SceneBase.cpp">
      <Filter>Tahara\Scene</Filter>
    </ClCompile>
    <ClCompile Include="SourceCodo\AssembleUi.cpp">
      <Filter>Tahara\UI</Filter>
    </ClCompile>
    <ClCompile Include="SourceCodo\SoundManagerBase.cpp">
      <Filter>Tahara\SoundManager</Filter>
    </ClCompile>
    <ClCompile Include="SourceCodo\SoundManagerAssemble.cpp">
      <Filter>Tahara\SoundManager</Filter>
    </ClCompile>
    <ClCompile Include="SourceCodo\FactorySoundManager.cpp">
      <Filter>Tahara\Factory</Filter>
    </ClCompile>
    <ClCompile Include="SourceCodo\LineBox.cpp">
      <Filter>Tahara\UI</Filter>
    </ClCompile>
    <ClCompile Include="SourceCodo\BlackScreen.cpp">
      <Filter>Tahara\UI</Filter>
    </ClCompile>
    <ClCompile Include="SourceCodo\UiText.cpp">
      <Filter>Tahara\UI</Filter>
    </ClCompile>
    <ClCompile Include="SourceCodo\File.cpp">
      <Filter>Tahara\System</Filter>
    </ClCompile>
    <ClCompile Include="SourceCodo\OperationString.cpp">
      <Filter>Tahara\System</Filter>
    </ClCompile>
    <ClCompile Include="SourceCodo\SoundManagerEnding.cpp">
      <Filter>Tahara\SoundManager</Filter>
    </ClCompile>
    <ClCompile Include="SourceCodo\SoundManagerGameOver.cpp">
      <Filter>Tahara\SoundManager</Filter>
    </ClCompile>
    <ClCompile Include="SourceCodo\SoundManagerMission.cpp">
      <Filter>Tahara\SoundManager</Filter>
    </ClCompile>
    <ClCompile Include="SourceCodo\SoundManagerTitle.cpp">
      <Filter>Tahara\SoundManager</Filter>
    </ClCompile>
    <ClCompile Include="SourceCodo\Sprite2DCenter.cpp">
      <Filter>Tahara\UI</Filter>
    </ClCompile>
    <ClCompile Include="SourceCodo\RenderAtStartUp.cpp">
      <Filter>Tahara\UI</Filter>
    </ClCompile>
    <ClCompile Include="SourceCodo\WindowBox.cpp">
      <Filter>Tahara\UI</Filter>
    </ClCompile>
    <ClCompile Include="SourceCodo\SceneTitle.cpp">
      <Filter>Tahara\Scene</Filter>
    </ClCompile>
    <ClCompile Include="SourceCodo\SceneEnding.cpp">
      <Filter>Tahara\Scene</Filter>
    </ClCompile>
    <ClCompile Include="SourceCodo\SceneGameOver.cpp">
      <Filter>Tahara\Scene</Filter>
    </ClCompile>
    <ClCompile Include="SourceCodo\CameraTitle.cpp">
      <Filter>Tahara\Camera</Filter>
    </ClCompile>
    <ClCompile Include="SourceCodo\CameraGameOver.cpp">
      <Filter>Tahara\Camera</Filter>
    </ClCompile>
    <ClCompile Include="SourceCodo\CameraEnding.cpp">
      <Filter>Tahara\Camera</Filter>
    </ClCompile>
    <ClCompile Include="SourceCodo\SkinMesh.cpp">
      <Filter>Hiyosi\Mesh</Filter>
    </ClCompile>
    <ClCompile Include="SourceCodo\DxInput.cpp">
      <Filter>Hiyosi\Player\Input</Filter>
    </ClCompile>
    <ClCompile Include="SourceCodo\TestObj.cpp">
      <Filter>Hiyosi\Player</Filter>
    </ClCompile>
    <ClCompile Include="SourceCodo\Player.cpp">
      <Filter>Hiyosi\Player</Filter>
    </ClCompile>
    <ClCompile Include="SourceCodo\Charactor.cpp">
      <Filter>Hiyosi\Object\Charactor</Filter>
    </ClCompile>
    <ClCompile Include="SourceCodo\Robo.cpp">
      <Filter>Hiyosi\Object\Charactor\Robot</Filter>
    </ClCompile>
    <ClCompile Include="SourceCodo\Shot.cpp">
      <Filter>Hiyosi\Object\Shot</Filter>
    </ClCompile>
    <ClCompile Include="SourceCodo\Stage.cpp">
      <Filter>Hiyosi\Object\Stage</Filter>
    </ClCompile>
    <ClCompile Include="SourceCodo\Weapon.cpp">
      <Filter>Hiyosi\Object\Charactor</Filter>
    </ClCompile>
    <ClCompile Include="SourceCodo\MissionModel.cpp">
      <Filter>Hiyosi\Object\Charactor\Robot</Filter>
    </ClCompile>
    <ClCompile Include="SourceCodo\CharactorCommand.cpp">
      <Filter>Hiyosi\Object\Charactor</Filter>
    </ClCompile>
    <ClCompile Include="SourceCodo\CharaSkinMesh.cpp">
      <Filter>Hiyosi\Object\Charactor</Filter>
    </ClCompile>
    <ClCompile Include="SourceCodo\RoboCommand.cpp">
      <Filter>Hiyosi\Object\Charactor\Robot</Filter>
    </ClCompile>
    <ClCompile Include="SourceCodo\CharactorStaticMesh.cpp">
      <Filter>Hiyosi\Object\Charactor</Filter>
    </ClCompile>
    <ClCompile Include="SourceCodo\ObjSkinMesh.cpp">
      <Filter>Hiyosi\Object</Filter>
    </ClCompile>
    <ClCompile Include="SourceCodo\ObjStaticMesh.cpp">
      <Filter>Hiyosi\Object</Filter>
    </ClCompile>
    <ClCompile Include="SourceCodo\InputCharactor.cpp">
      <Filter>Hiyosi\Player\Input</Filter>
    </ClCompile>
    <ClCompile Include="SourceCodo\InputRobo.cpp">
      <Filter>Hiyosi\Player\Input</Filter>
    </ClCompile>
    <ClCompile Include="SourceCodo\PartsWindowModel.cpp">
      <Filter>Tahara\UI</Filter>
    </ClCompile>
    <ClCompile Include="SourceCodo\PartsWindowModelForArms.cpp">
      <Filter>Tahara\UI</Filter>
    </ClCompile>
    <ClCompile Include="SourceCodo\CFont.cpp">
      <Filter>Tahara\UI</Filter>
    </ClCompile>
    <ClCompile Include="SourceCodo\KeyInput.cpp">
      <Filter>Tahara\System</Filter>
    </ClCompile>
    <ClCompile Include="SourceCodo\Building.cpp">
      <Filter>Tahara</Filter>
    </ClCompile>
    <ClCompile Include="SourceCodo\MenuWindowBase.cpp">
      <Filter>Tahara\UI\MenuWindows</Filter>
    </ClCompile>
    <ClCompile Include="SourceCodo\MenuWindowGameOverContinue.cpp">
      <Filter>Tahara\UI\MenuWindows</Filter>
    </ClCompile>
    <ClCompile Include="SourceCodo\MenuWindowGameOverDoAssemble.cpp">
      <Filter>Tahara\UI\MenuWindows</Filter>
    </ClCompile>
    <ClCompile Include="SourceCodo\MenuWindowGameOverBase.cpp">
      <Filter>Tahara\UI\MenuWindows</Filter>
    </ClCompile>
    <ClCompile Include="SourceCodo\MenuWindowTitleStartOrEnd.cpp">
      <Filter>Tahara\UI\MenuWindows</Filter>
    </ClCompile>
    <ClCompile Include="SourceCodo\MenuWindowTitleBase.cpp">
      <Filter>Tahara\UI\MenuWindows</Filter>
    </ClCompile>
    <ClCompile Include="SourceCodo\MenuWindowAssembleBase.cpp">
      <Filter>Tahara\UI\MenuWindows</Filter>
    </ClCompile>
    <ClCompile Include="SourceCodo\MenuWindowAssembleBackTitle.cpp">
      <Filter>Tahara\UI\MenuWindows</Filter>
    </ClCompile>
    <ClCompile Include="SourceCodo\MenuWindowAssembleTakeOff.cpp">
      <Filter>Tahara\UI\MenuWindows</Filter>
    </ClCompile>
    <ClCompile Include="SourceCodo\MenuWindowAssembleColorChange.cpp">
      <Filter>Tahara\UI\MenuWindows</Filter>
    </ClCompile>
    <ClCompile Include="SourceCodo\RoboStatusBase.cpp">
      <Filter>Tahara\RoboStatus</Filter>
    </ClCompile>
    <ClCompile Include="SourceCodo\RoboStatusPlayer.cpp">
      <Filter>Tahara\RoboStatus</Filter>
    </ClCompile>
    <ClCompile Include="SourceCodo\RoboStatusEnemy.cpp">
      <Filter>Tahara\RoboStatus</Filter>
    </ClCompile>
    <ClCompile Include="SourceCodo\ScreenTexture.cpp">
      <Filter>Tahara\UI</Filter>
    </ClCompile>
    <ClCompile Include="SourceCodo\FriendFactory.cpp">
      <Filter>Hiyosi\Friend</Filter>
    </ClCompile>
    <ClCompile Include="SourceCodo\AI.cpp">
      <Filter>Hiyosi\AI</Filter>
    </ClCompile>
    <ClCompile Include="SourceCodo\EnemyFactory.cpp">
      <Filter>Hiyosi\Enemy</Filter>
    </ClCompile>
    <ClCompile Include="SourceCodo\AICharaCommand.cpp">
      <Filter>Hiyosi\AI</Filter>
    </ClCompile>
    <ClCompile Include="SourceCodo\AIRoboCommand.cpp">
      <Filter>Hiyosi\AI</Filter>
    </ClCompile>
    <ClCompile Include="SourceCodo\AIFactory.cpp">
      <Filter>Hiyosi\AI</Filter>
    </ClCompile>
    <ClCompile Include="SourceCodo\AICharactor.cpp">
      <Filter>Hiyosi\AI</Filter>
    </ClCompile>
    <ClCompile Include="SourceCodo\AIRobo.cpp">
      <Filter>Hiyosi\AI</Filter>
    </ClCompile>
    <ClCompile Include="SourceCodo\SoundManagerNoise.cpp">
      <Filter>Tahara\SoundManager</Filter>
    </ClCompile>
    <ClCompile Include="SourceCodo\SoundManagerMenuWindow.cpp">
      <Filter>Tahara\SoundManager</Filter>
    </ClCompile>
    <ClCompile Include="SourceCodo\MenuWindowMissionBase.cpp">
      <Filter>Tahara\UI\MenuWindows</Filter>
    </ClCompile>
    <ClCompile Include="SourceCodo\MenuWindowMissionPause.cpp">
      <Filter>Tahara\UI\MenuWindows</Filter>
    </ClCompile>
    <ClCompile Include="SourceCodo\SceneTakeoff.cpp">
      <Filter>Tahara\Scene</Filter>
    </ClCompile>
    <ClCompile Include="SourceCodo\CameraTakeoff.cpp">
      <Filter>Tahara\Camera</Filter>
    </ClCompile>
    <ClCompile Include="SourceCodo\SoundManagerTakeoff.cpp">
      <Filter>Tahara\SoundManager</Filter>
    </ClCompile>
    <ClCompile Include="SourceCodo\CameraMovieBase.cpp">
      <Filter>Tahara\Camera</Filter>
    </ClCompile>
    <ClCompile Include="SourceCodo\RoboTakeoff.cpp">
      <Filter>Tahara\Robo</Filter>
    </ClCompile>
    <ClCompile Include="SourceCodo\Singleton.cpp">
      <Filter>Tahara\System</Filter>
    </ClCompile>
    <ClCompile Include="SourceCodo\BlendState.cpp">
      <Filter>Tahara\Singleton</Filter>
    </ClCompile>
    <ClCompile Include="SourceCodo\AssembleModel.cpp">
      <Filter>Tahara\Robo</Filter>
    </ClCompile>
    <ClCompile Include="SourceCodo\RenderAtLoadTime.cpp">
      <Filter>Tahara\UI</Filter>
    </ClCompile>
    <ClCompile Include="SourceCodo\RenderSubThreadBase.cpp">
      <Filter>Tahara\UI</Filter>
    </ClCompile>
    <ClCompile Include="SourceCodo\SceneClear.cpp">
      <Filter>Tahara\Scene</Filter>
    </ClCompile>
    <ClCompile Include="SourceCodo\SceneMovieBase.cpp">
      <Filter>Tahara\Scene</Filter>
    </ClCompile>
    <ClCompile Include="SourceCodo\CameraClear.cpp">
      <Filter>Tahara\Camera</Filter>
    </ClCompile>
    <ClCompile Include="SourceCodo\SoundManagerClear.cpp">
      <Filter>Tahara\SoundManager</Filter>
    </ClCompile>
    <ClCompile Include="SourceCodo\Random.cpp">
      <Filter>Tahara\System</Filter>
    </ClCompile>
  </ItemGroup>
  <ItemGroup>
    <ClInclude Include="SourceCodo\CameraMission.h">
      <Filter>Hiyosi\Camera</Filter>
    </ClInclude>
    <ClInclude Include="SourceCodo\SceneMission.h">
      <Filter>Hiyosi\Scene</Filter>
    </ClInclude>
    <ClInclude Include="SourceCodo\Camera.h">
      <Filter>Tahara\Camera</Filter>
    </ClInclude>
    <ClInclude Include="SourceCodo\CameraAssemble.h">
      <Filter>Tahara\Camera</Filter>
    </ClInclude>
    <ClInclude Include="SourceCodo\SceneAssemble.h">
      <Filter>Tahara\Scene</Filter>
    </ClInclude>
    <ClInclude Include="SourceCodo\FactoryCamera.h">
      <Filter>Tahara\Factory</Filter>
    </ClInclude>
    <ClInclude Include="SourceCodo\FactoryScene.h">
      <Filter>Tahara\Factory</Filter>
    </ClInclude>
    <ClInclude Include="SourceCodo\Game.h">
      <Filter>Tahara</Filter>
    </ClInclude>
    <ClInclude Include="SourceCodo\PtrGroup.h">
      <Filter>Tahara</Filter>
    </ClInclude>
    <ClInclude Include="SourceCodo\CharaStatic.h">
      <Filter>Classwork\SuperClass</Filter>
    </ClInclude>
    <ClInclude Include="SourceCodo\Common.h">
      <Filter>Classwork\SuperClass</Filter>
    </ClInclude>
    <ClInclude Include="SourceCodo\GameObject.h">
      <Filter>Classwork\SuperClass</Filter>
    </ClInclude>
    <ClInclude Include="SourceCodo\DX9Mesh.h">
      <Filter>Classwork\Model</Filter>
    </ClInclude>
    <ClInclude Include="SourceCodo\Ray.h">
      <Filter>Classwork\Model</Filter>
    </ClInclude>
    <ClInclude Include="SourceCodo\Sprite.h">
      <Filter>Classwork\Sprite</Filter>
    </ClInclude>
    <ClInclude Include="SourceCodo\Sprite2D.h">
      <Filter>Classwork\Sprite</Filter>
    </ClInclude>
    <ClInclude Include="SourceCodo\DebugText.h">
      <Filter>Classwork\System</Filter>
    </ClInclude>
    <ClInclude Include="SourceCodo\Effects.h">
      <Filter>Classwork\System</Filter>
    </ClInclude>
    <ClInclude Include="SourceCodo\Global.h">
      <Filter>Classwork\System</Filter>
    </ClInclude>
    <ClInclude Include="SourceCodo\MyMacro.h">
      <Filter>Classwork\System</Filter>
    </ClInclude>
    <ClInclude Include="SourceCodo\Resource.h">
      <Filter>Classwork\System</Filter>
    </ClInclude>
    <ClInclude Include="SourceCodo\CXInput.h">
      <Filter>Classwork\System</Filter>
    </ClInclude>
    <ClInclude Include="SourceCodo\Main.h">
      <Filter>Classwork\System</Filter>
    </ClInclude>
    <ClInclude Include="SourceCodo\CD3DXSKINMESH.h">
      <Filter>Classwork\Model</Filter>
    </ClInclude>
    <ClInclude Include="SourceCodo\FactoryParts.h">
      <Filter>Tahara\Factory</Filter>
    </ClInclude>
    <ClInclude Include="SourceCodo\PartsBase.h">
      <Filter>Tahara\Parts</Filter>
    </ClInclude>
    <ClInclude Include="SourceCodo\PartsCore.h">
      <Filter>Tahara\Parts</Filter>
    </ClInclude>
    <ClInclude Include="SourceCodo\PartsHead.h">
      <Filter>Tahara\Parts</Filter>
    </ClInclude>
    <ClInclude Include="SourceCodo\PartsLeg.h">
      <Filter>Tahara\Parts</Filter>
    </ClInclude>
    <ClInclude Include="SourceCodo\PartsWeapon.h">
      <Filter>Tahara\Parts</Filter>
    </ClInclude>
    <ClInclude Include="SourceCodo\PartsArmBase.h">
      <Filter>Tahara\Parts\Arms</Filter>
    </ClInclude>
    <ClInclude Include="SourceCodo\PartsArmL.h">
      <Filter>Tahara\Parts\Arms</Filter>
    </ClInclude>
    <ClInclude Include="SourceCodo\PartsArmR.h">
      <Filter>Tahara\Parts\Arms</Filter>
    </ClInclude>
    <ClInclude Include="SourceCodo\Object.h">
      <Filter>Hiyosi\Object</Filter>
    </ClInclude>
    <ClInclude Include="SourceCodo\SceneBase.h">
      <Filter>Tahara\Scene</Filter>
    </ClInclude>
    <ClInclude Include="SourceCodo\AssembleUi.h">
      <Filter>Tahara\UI</Filter>
    </ClInclude>
    <ClInclude Include="SourceCodo\SoundManagerBase.h">
      <Filter>Tahara\SoundManager</Filter>
    </ClInclude>
    <ClInclude Include="SourceCodo\SoundManagerAssemble.h">
      <Filter>Tahara\SoundManager</Filter>
    </ClInclude>
    <ClInclude Include="SourceCodo\FactorySoundManager.h">
      <Filter>Tahara\Factory</Filter>
    </ClInclude>
    <ClInclude Include="SourceCodo\Sound.h">
      <Filter>Classwork\System</Filter>
    </ClInclude>
    <ClInclude Include="SourceCodo\LineBox.h">
      <Filter>Tahara\UI</Filter>
    </ClInclude>
    <ClInclude Include="SourceCodo\BlackScreen.h">
      <Filter>Tahara\UI</Filter>
    </ClInclude>
    <ClInclude Include="SourceCodo\TextSpriteStruct.h">
      <Filter>Tahara\UI</Filter>
    </ClInclude>
    <ClInclude Include="SourceCodo\UiText.h">
      <Filter>Tahara\UI</Filter>
    </ClInclude>
    <ClInclude Include="SourceCodo\File.h">
      <Filter>Tahara\System</Filter>
    </ClInclude>
    <ClInclude Include="SourceCodo\OperationString.h">
      <Filter>Tahara\System</Filter>
    </ClInclude>
    <ClInclude Include="SourceCodo\SoundManagerEnding.h">
      <Filter>Tahara\SoundManager</Filter>
    </ClInclude>
    <ClInclude Include="SourceCodo\SoundManagerGameOver.h">
      <Filter>Tahara\SoundManager</Filter>
    </ClInclude>
    <ClInclude Include="SourceCodo\SoundManagerMission.h">
      <Filter>Tahara\SoundManager</Filter>
    </ClInclude>
    <ClInclude Include="SourceCodo\SoundManagerTitle.h">
      <Filter>Tahara\SoundManager</Filter>
    </ClInclude>
    <ClInclude Include="SourceCodo\Sprite2DCenter.h">
      <Filter>Tahara\UI</Filter>
    </ClInclude>
    <ClInclude Include="SourceCodo\RenderAtStartUp.h">
      <Filter>Tahara\UI</Filter>
    </ClInclude>
    <ClInclude Include="SourceCodo\WindowBox.h">
      <Filter>Tahara\UI</Filter>
    </ClInclude>
    <ClInclude Include="SourceCodo\SceneTitle.h">
      <Filter>Tahara\Scene</Filter>
    </ClInclude>
    <ClInclude Include="SourceCodo\SceneEnding.h">
      <Filter>Tahara\Scene</Filter>
    </ClInclude>
    <ClInclude Include="SourceCodo\SceneGameOver.h">
      <Filter>Tahara\Scene</Filter>
    </ClInclude>
    <ClInclude Include="SourceCodo\ObjSkinMesh.h">
      <Filter>Hiyosi\Object</Filter>
    </ClInclude>
    <ClInclude Include="SourceCodo\ObjStaticMesh.h">
      <Filter>Hiyosi\Object</Filter>
    </ClInclude>
    <ClInclude Include="SourceCodo\CameraTitle.h">
      <Filter>Tahara\Camera</Filter>
    </ClInclude>
    <ClInclude Include="SourceCodo\CameraGameOver.h">
      <Filter>Tahara\Camera</Filter>
    </ClInclude>
    <ClInclude Include="SourceCodo\CameraEnding.h">
      <Filter>Tahara\Camera</Filter>
    </ClInclude>
    <ClInclude Include="SourceCodo\SkinMesh.h">
      <Filter>Hiyosi\Mesh</Filter>
    </ClInclude>
    <ClInclude Include="SourceCodo\DxInput.h">
      <Filter>Hiyosi\Player\Input</Filter>
    </ClInclude>
    <ClInclude Include="SourceCodo\InputCharactor.h">
      <Filter>Hiyosi\Player\Input</Filter>
    </ClInclude>
    <ClInclude Include="SourceCodo\InputRobo.h">
      <Filter>Hiyosi\Player\Input</Filter>
    </ClInclude>
    <ClInclude Include="SourceCodo\TestObject.h">
      <Filter>Hiyosi\Player</Filter>
    </ClInclude>
    <ClInclude Include="SourceCodo\Player.h">
      <Filter>Hiyosi\Player</Filter>
    </ClInclude>
    <ClInclude Include="SourceCodo\Charactor.h">
      <Filter>Hiyosi\Object\Charactor</Filter>
    </ClInclude>
    <ClInclude Include="SourceCodo\CharactorCommand.h">
      <Filter>Hiyosi\Object\Charactor</Filter>
    </ClInclude>
    <ClInclude Include="SourceCodo\CharaSkinMesh.h">
      <Filter>Hiyosi\Object\Charactor</Filter>
    </ClInclude>
    <ClInclude Include="SourceCodo\Robo.h">
      <Filter>Hiyosi\Object\Charactor\Robot</Filter>
    </ClInclude>
    <ClInclude Include="SourceCodo\RoboCommand.h">
      <Filter>Hiyosi\Object\Charactor\Robot</Filter>
    </ClInclude>
    <ClInclude Include="SourceCodo\Shot.h">
      <Filter>Hiyosi\Object\Shot</Filter>
    </ClInclude>
    <ClInclude Include="SourceCodo\Stage.h">
      <Filter>Hiyosi\Object\Stage</Filter>
    </ClInclude>
    <ClInclude Include="SourceCodo\Weapon.h">
      <Filter>Hiyosi\Object\Charactor</Filter>
    </ClInclude>
    <ClInclude Include="SourceCodo\MissionModel.h">
      <Filter>Hiyosi\Object\Charactor\Robot</Filter>
    </ClInclude>
    <ClInclude Include="SourceCodo\CharactorStaticMesh.h">
      <Filter>Hiyosi\Object\Charactor</Filter>
    </ClInclude>
    <ClInclude Include="SourceCodo\PartsWindowModel.h">
      <Filter>Tahara\UI</Filter>
    </ClInclude>
    <ClInclude Include="SourceCodo\PartsWindowModelForArms.h">
      <Filter>Tahara\UI</Filter>
    </ClInclude>
    <ClInclude Include="SourceCodo\CFont.h">
      <Filter>Tahara\UI</Filter>
    </ClInclude>
    <ClInclude Include="SourceCodo\KeyInput.h">
      <Filter>Tahara\System</Filter>
    </ClInclude>
    <ClInclude Include="SourceCodo\Building.h">
      <Filter>Tahara</Filter>
    </ClInclude>
    <ClInclude Include="SourceCodo\MenuWindowBase.h">
      <Filter>Tahara\UI\MenuWindows</Filter>
    </ClInclude>
    <ClInclude Include="SourceCodo\MenuWindowGameOverContinue.h">
      <Filter>Tahara\UI\MenuWindows</Filter>
    </ClInclude>
    <ClInclude Include="SourceCodo\MenuWindowGameOverDoAssemble.h">
      <Filter>Tahara\UI\MenuWindows</Filter>
    </ClInclude>
    <ClInclude Include="SourceCodo\MenuWindowGameOverBase.h">
      <Filter>Tahara\UI\MenuWindows</Filter>
    </ClInclude>
    <ClInclude Include="SourceCodo\MenuWindowTitleStartOrEnd.h">
      <Filter>Tahara\UI\MenuWindows</Filter>
    </ClInclude>
    <ClInclude Include="SourceCodo\MenuWindowTitleBase.h">
      <Filter>Tahara\UI\MenuWindows</Filter>
    </ClInclude>
    <ClInclude Include="SourceCodo\SceneTitleInformation.h">
      <Filter>Tahara\Scene</Filter>
    </ClInclude>
    <ClInclude Include="SourceCodo\SceneGameOverInformation.h">
      <Filter>Tahara\Scene</Filter>
    </ClInclude>
    <ClInclude Include="SourceCodo\MenuWindowAssembleBase.h">
      <Filter>Tahara\UI\MenuWindows</Filter>
    </ClInclude>
    <ClInclude Include="SourceCodo\SceneAssembleInformation.h">
      <Filter>Tahara\Scene</Filter>
    </ClInclude>
    <ClInclude Include="SourceCodo\MenuWindowAssembleBackTitle.h">
      <Filter>Tahara\UI\MenuWindows</Filter>
    </ClInclude>
    <ClInclude Include="SourceCodo\MenuWindowAssembleTakeOff.h">
      <Filter>Tahara\UI\MenuWindows</Filter>
    </ClInclude>
    <ClInclude Include="SourceCodo\MenuWindowAssembleColorChange.h">
      <Filter>Tahara\UI\MenuWindows</Filter>
    </ClInclude>
    <ClInclude Include="SourceCodo\RoboStatusBase.h">
      <Filter>Tahara\RoboStatus</Filter>
    </ClInclude>
    <ClInclude Include="SourceCodo\RoboStatusPlayer.h">
      <Filter>Tahara\RoboStatus</Filter>
    </ClInclude>
    <ClInclude Include="SourceCodo\RoboStatusEnemy.h">
      <Filter>Tahara\RoboStatus</Filter>
    </ClInclude>
    <ClInclude Include="SourceCodo\ScreenTexture.h">
      <Filter>Tahara\UI</Filter>
    </ClInclude>
    <ClInclude Include="SourceCodo\FriendFactory.h">
      <Filter>Hiyosi\Friend</Filter>
    </ClInclude>
    <ClInclude Include="SourceCodo\AI.h">
      <Filter>Hiyosi\AI</Filter>
    </ClInclude>
    <ClInclude Include="SourceCodo\EnemyFactory.h">
      <Filter>Hiyosi\Enemy</Filter>
    </ClInclude>
    <ClInclude Include="SourceCodo\AICharaCommand.h">
      <Filter>Hiyosi\AI</Filter>
    </ClInclude>
    <ClInclude Include="SourceCodo\AIRoboCommand.h">
      <Filter>Hiyosi\AI</Filter>
    </ClInclude>
    <ClInclude Include="SourceCodo\AIFactory.h">
      <Filter>Hiyosi\AI</Filter>
    </ClInclude>
    <ClInclude Include="SourceCodo\AIRobo.h">
      <Filter>Hiyosi\AI</Filter>
    </ClInclude>
    <ClInclude Include="SourceCodo\AICharactor.h">
      <Filter>Hiyosi\AI</Filter>
    </ClInclude>
    <ClInclude Include="SourceCodo\SoundManagerNoise.h">
      <Filter>Tahara\SoundManager</Filter>
    </ClInclude>
    <ClInclude Include="SourceCodo\SoundManagerMenuWindow.h">
      <Filter>Tahara\SoundManager</Filter>
    </ClInclude>
    <ClInclude Include="SourceCodo\MenuWindowMissionBase.h">
      <Filter>Tahara\UI\MenuWindows</Filter>
    </ClInclude>
    <ClInclude Include="SourceCodo\MenuWindowMissionPause.h">
      <Filter>Tahara\UI\MenuWindows</Filter>
    </ClInclude>
    <ClInclude Include="SourceCodo\SceneMissionInformation.h">
      <Filter>Tahara\Scene</Filter>
    </ClInclude>
    <ClInclude Include="SourceCodo\SceneTakeoff.h">
      <Filter>Tahara\Scene</Filter>
    </ClInclude>
    <ClInclude Include="SourceCodo\CameraTakeoff.h">
      <Filter>Tahara\Camera</Filter>
    </ClInclude>
    <ClInclude Include="SourceCodo\SoundManagerTakeoff.h">
      <Filter>Tahara\SoundManager</Filter>
    </ClInclude>
    <ClInclude Include="SourceCodo\CameraMovieBase.h">
      <Filter>Tahara\Camera</Filter>
    </ClInclude>
    <ClInclude Include="SourceCodo\RoboTakeoff.h">
      <Filter>Tahara\Robo</Filter>
    </ClInclude>
    <ClInclude Include="SourceCodo\Singleton.h">
      <Filter>Tahara\System</Filter>
    </ClInclude>
    <ClInclude Include="SourceCodo\BlendState.h">
      <Filter>Tahara\Singleton</Filter>
    </ClInclude>
    <ClInclude Include="SourceCodo\AssembleModel.h">
      <Filter>Tahara\Robo</Filter>
    </ClInclude>
    <ClInclude Include="SourceCodo\RenderAtLoadTime.h">
      <Filter>Tahara\UI</Filter>
    </ClInclude>
    <ClInclude Include="SourceCodo\RenderSubThreadBase.h">
      <Filter>Tahara\UI</Filter>
    </ClInclude>
    <ClInclude Include="SourceCodo\SceneClear.h">
      <Filter>Tahara\Scene</Filter>
    </ClInclude>
    <ClInclude Include="SourceCodo\SceneMovieBase.h">
      <Filter>Tahara\Scene</Filter>
    </ClInclude>
    <ClInclude Include="SourceCodo\CameraClear.h">
      <Filter>Tahara\Camera</Filter>
    </ClInclude>
    <ClInclude Include="SourceCodo\SoundManagerClear.h">
      <Filter>Tahara\SoundManager</Filter>
    </ClInclude>
    <ClInclude Include="SourceCodo\Random.h">
      <Filter>Tahara\System</Filter>
    </ClInclude>
  </ItemGroup>
  <ItemGroup>
    <FxCompile Include="Shader\DebugText.hlsl">
      <Filter>ShaderFile</Filter>
    </FxCompile>
    <FxCompile Include="Shader\Mesh.hlsl">
      <Filter>ShaderFile</Filter>
    </FxCompile>
    <FxCompile Include="Shader\MeshSkin.hlsl">
      <Filter>ShaderFile</Filter>
    </FxCompile>
    <FxCompile Include="Shader\PointSprite.hlsl">
      <Filter>ShaderFile</Filter>
    </FxCompile>
    <FxCompile Include="Shader\Ray.hlsl">
      <Filter>ShaderFile</Filter>
    </FxCompile>
    <FxCompile Include="Shader\Sprite2D.hlsl">
      <Filter>ShaderFile</Filter>
    </FxCompile>
    <FxCompile Include="Shader\FontText.hlsl">
      <Filter>ShaderFile</Filter>
    </FxCompile>
    <FxCompile Include="Shader\Screen.hlsl">
      <Filter>ShaderFile</Filter>
    </FxCompile>
  </ItemGroup>
</Project>